
Microsoft Visual Studio Solution File, Format Version 12.00
# Visual Studio Version 17
VisualStudioVersion = 17.1.32421.90
MinimumVisualStudioVersion = 10.0.40219.1
Project("{FAE04EC0-301F-11D3-BF4B-00C04F79EFBC}") = "HelloSourceControl", "HelloSourceControl\HelloSourceControl.csproj", "{67CB3B07-B064-4C0C-88F9-F99208A17D1D}"
EndProject
Global
	GlobalSection(SolutionConfigurationPlatforms) = preSolution
		Debug|Any CPU = Debug|Any CPU
		Release|Any CPU = Release|Any CPU
	EndGlobalSection
	GlobalSection(ProjectConfigurationPlatforms) = postSolution
		{67CB3B07-B064-4C0C-88F9-F99208A17D1D}.Debug|Any CPU.ActiveCfg = Debug|Any CPU
		{67CB3B07-B064-4C0C-88F9-F99208A17D1D}.Debug|Any CPU.Build.0 = Debug|Any CPU
		{67CB3B07-B064-4C0C-88F9-F99208A17D1D}.Release|Any CPU.ActiveCfg = Release|Any CPU
		{67CB3B07-B064-4C0C-88F9-F99208A17D1D}.Release|Any CPU.Build.0 = Release|Any CPU
	EndGlobalSection
	GlobalSection(SolutionProperties) = preSolution
		HideSolutionNode = FALSE
	EndGlobalSection
	GlobalSection(ExtensibilityGlobals) = postSolution
		SolutionGuid = {509957C1-5F57-49BD-A305-F34D60FD7FA6}
	EndGlobalSection
EndGlobal
